
Microsoft Visual Studio Solution File, Format Version 12.00
# Visual Studio 2012
Project("{FAE04EC0-301F-11D3-BF4B-00C04F79EFBC}") = "Touhou Launcher", "Touhou Launcher\Touhou Launcher.csproj", "{DC2E240A-725B-4A6C-83B0-73DBAAB13D1D}"
EndProject
Global
	GlobalSection(SolutionConfigurationPlatforms) = preSolution
		Debug|Any CPU = Debug|Any CPU
		Release|Any CPU = Release|Any CPU
	EndGlobalSection
	GlobalSection(ProjectConfigurationPlatforms) = postSolution
		{DC2E240A-725B-4A6C-83B0-73DBAAB13D1D}.Debug|Any CPU.ActiveCfg = Debug|Any CPU
		{DC2E240A-725B-4A6C-83B0-73DBAAB13D1D}.Debug|Any CPU.Build.0 = Debug|Any CPU
		{DC2E240A-725B-4A6C-83B0-73DBAAB13D1D}.Release|Any CPU.ActiveCfg = Release|Any CPU
		{DC2E240A-725B-4A6C-83B0-73DBAAB13D1D}.Release|Any CPU.Build.0 = Release|Any CPU
	EndGlobalSection
	GlobalSection(SolutionProperties) = preSolution
		HideSolutionNode = FALSE
	EndGlobalSection
EndGlobal
